
Microsoft Visual Studio Solution File, Format Version 12.00
# Visual Studio Version 17
VisualStudioVersion = 17.11.35219.272
MinimumVisualStudioVersion = 10.0.40219.1
Project("{FAE04EC0-301F-11D3-BF4B-00C04F79EFBC}") = "OrderByTrick", "OrderByTrick.csproj", "{FE5F62B2-5236-434C-AA15-314BA415F2EF}"
EndProject
Global
	GlobalSection(SolutionConfigurationPlatforms) = preSolution
		Debug|Any CPU = Debug|Any CPU
		Release|Any CPU = Release|Any CPU
	EndGlobalSection
	GlobalSection(ProjectConfigurationPlatforms) = postSolution
		{FE5F62B2-5236-434C-AA15-314BA415F2EF}.Debug|Any CPU.ActiveCfg = Debug|Any CPU
		{FE5F62B2-5236-434C-AA15-314BA415F2EF}.Debug|Any CPU.Build.0 = Debug|Any CPU
		{FE5F62B2-5236-434C-AA15-314BA415F2EF}.Release|Any CPU.ActiveCfg = Release|Any CPU
		{FE5F62B2-5236-434C-AA15-314BA415F2EF}.Release|Any CPU.Build.0 = Release|Any CPU
	EndGlobalSection
	GlobalSection(SolutionProperties) = preSolution
		HideSolutionNode = FALSE
	EndGlobalSection
	GlobalSection(ExtensibilityGlobals) = postSolution
		SolutionGuid = {17CA271A-CA2D-4689-B9D2-9FBC80DB98EB}
	EndGlobalSection
EndGlobal
