
Microsoft Visual Studio Solution File, Format Version 12.00
# Visual Studio Version 17
VisualStudioVersion = 17.11.35219.272
MinimumVisualStudioVersion = 10.0.40219.1
Project("{FAE04EC0-301F-11D3-BF4B-00C04F79EFBC}") = "DoNotMergePrecompilation", "DoNotMergePrecompilation.csproj", "{3117A7C0-407D-4E73-8A2A-71CC526C3D69}"
EndProject
Global
	GlobalSection(SolutionConfigurationPlatforms) = preSolution
		Debug|Any CPU = Debug|Any CPU
		Release|Any CPU = Release|Any CPU
	EndGlobalSection
	GlobalSection(ProjectConfigurationPlatforms) = postSolution
		{3117A7C0-407D-4E73-8A2A-71CC526C3D69}.Debug|Any CPU.ActiveCfg = Debug|Any CPU
		{3117A7C0-407D-4E73-8A2A-71CC526C3D69}.Debug|Any CPU.Build.0 = Debug|Any CPU
		{3117A7C0-407D-4E73-8A2A-71CC526C3D69}.Release|Any CPU.ActiveCfg = Release|Any CPU
		{3117A7C0-407D-4E73-8A2A-71CC526C3D69}.Release|Any CPU.Build.0 = Release|Any CPU
	EndGlobalSection
	GlobalSection(SolutionProperties) = preSolution
		HideSolutionNode = FALSE
	EndGlobalSection
	GlobalSection(ExtensibilityGlobals) = postSolution
		SolutionGuid = {7CE1ED60-EF10-4B39-8ABB-0BFFC5305483}
	EndGlobalSection
EndGlobal
